
Microsoft Visual Studio Solution File, Format Version 12.00
# Visual Studio Version 17
VisualStudioVersion = 17.13.35818.85 d17.13
MinimumVisualStudioVersion = 10.0.40219.1
Project("{FAE04EC0-301F-11D3-BF4B-00C04F79EFBC}") = "WpfBasicApp01", "WpfBasicApp01\WpfBasicApp01.csproj", "{998976B5-D0D6-4CD0-B5DE-D38333E3D004}"
EndProject
Project("{FAE04EC0-301F-11D3-BF4B-00C04F79EFBC}") = "WpfBasicApp02", "WpfBasicApp02\WpfBasicApp02.csproj", "{F18D4F70-237C-421D-8165-15B5AAFAD180}"
EndProject
Global
	GlobalSection(SolutionConfigurationPlatforms) = preSolution
		Debug|Any CPU = Debug|Any CPU
		Release|Any CPU = Release|Any CPU
	EndGlobalSection
	GlobalSection(ProjectConfigurationPlatforms) = postSolution
		{998976B5-D0D6-4CD0-B5DE-D38333E3D004}.Debug|Any CPU.ActiveCfg = Debug|Any CPU
		{998976B5-D0D6-4CD0-B5DE-D38333E3D004}.Debug|Any CPU.Build.0 = Debug|Any CPU
		{998976B5-D0D6-4CD0-B5DE-D38333E3D004}.Release|Any CPU.ActiveCfg = Release|Any CPU
		{998976B5-D0D6-4CD0-B5DE-D38333E3D004}.Release|Any CPU.Build.0 = Release|Any CPU
		{F18D4F70-237C-421D-8165-15B5AAFAD180}.Debug|Any CPU.ActiveCfg = Debug|Any CPU
		{F18D4F70-237C-421D-8165-15B5AAFAD180}.Debug|Any CPU.Build.0 = Debug|Any CPU
		{F18D4F70-237C-421D-8165-15B5AAFAD180}.Release|Any CPU.ActiveCfg = Release|Any CPU
		{F18D4F70-237C-421D-8165-15B5AAFAD180}.Release|Any CPU.Build.0 = Release|Any CPU
	EndGlobalSection
	GlobalSection(SolutionProperties) = preSolution
		HideSolutionNode = FALSE
	EndGlobalSection
	GlobalSection(ExtensibilityGlobals) = postSolution
		SolutionGuid = {88EB0B77-183D-4850-BEFB-2E8F97C10ABC}
	EndGlobalSection
EndGlobal
